
Microsoft Visual Studio Solution File, Format Version 12.00
# Visual Studio Version 17
VisualStudioVersion = 17.6.33723.286
MinimumVisualStudioVersion = 10.0.40219.1
Project("{FAE04EC0-301F-11D3-BF4B-00C04F79EFBC}") = "TextEditorCSharp", "TextEditorCSharp.csproj", "{87BC38EB-EDDA-41B5-9E78-4834E1116B90}"
EndProject
Global
	GlobalSection(SolutionConfigurationPlatforms) = preSolution
		Debug|Any CPU = Debug|Any CPU
		Release|Any CPU = Release|Any CPU
	EndGlobalSection
	GlobalSection(ProjectConfigurationPlatforms) = postSolution
		{87BC38EB-EDDA-41B5-9E78-4834E1116B90}.Debug|Any CPU.ActiveCfg = Debug|Any CPU
		{87BC38EB-EDDA-41B5-9E78-4834E1116B90}.Debug|Any CPU.Build.0 = Debug|Any CPU
		{87BC38EB-EDDA-41B5-9E78-4834E1116B90}.Release|Any CPU.ActiveCfg = Release|Any CPU
		{87BC38EB-EDDA-41B5-9E78-4834E1116B90}.Release|Any CPU.Build.0 = Release|Any CPU
	EndGlobalSection
	GlobalSection(SolutionProperties) = preSolution
		HideSolutionNode = FALSE
	EndGlobalSection
	GlobalSection(ExtensibilityGlobals) = postSolution
		SolutionGuid = {DD91E241-0082-4BA1-9561-D25299FC5231}
	EndGlobalSection
EndGlobal
